
Microsoft Visual Studio Solution File, Format Version 12.00
# Visual Studio Version 16
VisualStudioVersion = 16.0.810.19
MinimumVisualStudioVersion = 10.0.40219.1
Project("{FAE04EC0-301F-11D3-BF4B-00C04F79EFBC}") = "HometasksCsOOPStringAndArrayClasses", "HometasksCsOOPStringAndArrayClasses\HometasksCsOOPStringAndArrayClasses.csproj", "{D12329F1-46F1-425C-ADE6-9388945D6DBD}"
EndProject
Global
	GlobalSection(SolutionConfigurationPlatforms) = preSolution
		Debug|Any CPU = Debug|Any CPU
		Release|Any CPU = Release|Any CPU
	EndGlobalSection
	GlobalSection(ProjectConfigurationPlatforms) = postSolution
		{D12329F1-46F1-425C-ADE6-9388945D6DBD}.Debug|Any CPU.ActiveCfg = Debug|Any CPU
		{D12329F1-46F1-425C-ADE6-9388945D6DBD}.Debug|Any CPU.Build.0 = Debug|Any CPU
		{D12329F1-46F1-425C-ADE6-9388945D6DBD}.Release|Any CPU.ActiveCfg = Release|Any CPU
		{D12329F1-46F1-425C-ADE6-9388945D6DBD}.Release|Any CPU.Build.0 = Release|Any CPU
	EndGlobalSection
	GlobalSection(SolutionProperties) = preSolution
		HideSolutionNode = FALSE
	EndGlobalSection
	GlobalSection(ExtensibilityGlobals) = postSolution
		SolutionGuid = {97CE1292-700D-4E0D-9C96-BEBAB6D41E90}
	EndGlobalSection
EndGlobal
