
Microsoft Visual Studio Solution File, Format Version 12.00
# Visual Studio Version 16
VisualStudioVersion = 16.0.810.21
MinimumVisualStudioVersion = 10.0.40219.1
Project("{FAE04EC0-301F-11D3-BF4B-00C04F79EFBC}") = "HometasksCsOOPStringAndArrayClasses", "HometasksCsOOPStringAndArrayClasses.csproj", "{10ECF7E3-E617-44DE-9ED0-86814FE1709B}"
EndProject
Global
	GlobalSection(SolutionConfigurationPlatforms) = preSolution
		Debug|Any CPU = Debug|Any CPU
		Release|Any CPU = Release|Any CPU
	EndGlobalSection
	GlobalSection(ProjectConfigurationPlatforms) = postSolution
		{10ECF7E3-E617-44DE-9ED0-86814FE1709B}.Debug|Any CPU.ActiveCfg = Debug|Any CPU
		{10ECF7E3-E617-44DE-9ED0-86814FE1709B}.Debug|Any CPU.Build.0 = Debug|Any CPU
		{10ECF7E3-E617-44DE-9ED0-86814FE1709B}.Release|Any CPU.ActiveCfg = Release|Any CPU
		{10ECF7E3-E617-44DE-9ED0-86814FE1709B}.Release|Any CPU.Build.0 = Release|Any CPU
	EndGlobalSection
	GlobalSection(SolutionProperties) = preSolution
		HideSolutionNode = FALSE
	EndGlobalSection
	GlobalSection(ExtensibilityGlobals) = postSolution
		SolutionGuid = {F53F6FFB-F8E4-4DDD-BCB7-7DE96D98E75D}
	EndGlobalSection
EndGlobal
