
Microsoft Visual Studio Solution File, Format Version 12.00
# Visual Studio Version 16
VisualStudioVersion = 16.0.810.19
MinimumVisualStudioVersion = 10.0.40219.1
Project("{FAE04EC0-301F-11D3-BF4B-00C04F79EFBC}") = "WorkerTask", "WorkerTask\WorkerTask.csproj", "{C861F647-75E4-4D39-B591-912EEF0E493A}"
EndProject
Global
	GlobalSection(SolutionConfigurationPlatforms) = preSolution
		Debug|Any CPU = Debug|Any CPU
		Release|Any CPU = Release|Any CPU
	EndGlobalSection
	GlobalSection(ProjectConfigurationPlatforms) = postSolution
		{C861F647-75E4-4D39-B591-912EEF0E493A}.Debug|Any CPU.ActiveCfg = Debug|Any CPU
		{C861F647-75E4-4D39-B591-912EEF0E493A}.Debug|Any CPU.Build.0 = Debug|Any CPU
		{C861F647-75E4-4D39-B591-912EEF0E493A}.Release|Any CPU.ActiveCfg = Release|Any CPU
		{C861F647-75E4-4D39-B591-912EEF0E493A}.Release|Any CPU.Build.0 = Release|Any CPU
	EndGlobalSection
	GlobalSection(SolutionProperties) = preSolution
		HideSolutionNode = FALSE
	EndGlobalSection
	GlobalSection(ExtensibilityGlobals) = postSolution
		SolutionGuid = {DA2F7F6D-78BC-49EC-9033-F260625C41A7}
	EndGlobalSection
EndGlobal
